
Microsoft Visual Studio Solution File, Format Version 12.00
# Visual Studio Version 17
VisualStudioVersion = 17.5.33424.131
MinimumVisualStudioVersion = 10.0.40219.1
Project("{FAE04EC0-301F-11D3-BF4B-00C04F79EFBC}") = "DragonsWay.Logic", "DragonsWay.Logic\DragonsWay.Logic.csproj", "{C7CDF329-73C4-441B-AA85-AB5DD2CE7BDE}"
EndProject
Project("{FAE04EC0-301F-11D3-BF4B-00C04F79EFBC}") = "DragonsWay.UI", "DragonsWay.UI\DragonsWay.UI.csproj", "{E58045AF-2B61-4ECE-9072-4D687AD7D5A6}"
EndProject
Global
	GlobalSection(SolutionConfigurationPlatforms) = preSolution
		Debug|Any CPU = Debug|Any CPU
		Release|Any CPU = Release|Any CPU
	EndGlobalSection
	GlobalSection(ProjectConfigurationPlatforms) = postSolution
		{C7CDF329-73C4-441B-AA85-AB5DD2CE7BDE}.Debug|Any CPU.ActiveCfg = Debug|Any CPU
		{C7CDF329-73C4-441B-AA85-AB5DD2CE7BDE}.Debug|Any CPU.Build.0 = Debug|Any CPU
		{C7CDF329-73C4-441B-AA85-AB5DD2CE7BDE}.Release|Any CPU.ActiveCfg = Release|Any CPU
		{C7CDF329-73C4-441B-AA85-AB5DD2CE7BDE}.Release|Any CPU.Build.0 = Release|Any CPU
		{E58045AF-2B61-4ECE-9072-4D687AD7D5A6}.Debug|Any CPU.ActiveCfg = Debug|Any CPU
		{E58045AF-2B61-4ECE-9072-4D687AD7D5A6}.Debug|Any CPU.Build.0 = Debug|Any CPU
		{E58045AF-2B61-4ECE-9072-4D687AD7D5A6}.Release|Any CPU.ActiveCfg = Release|Any CPU
		{E58045AF-2B61-4ECE-9072-4D687AD7D5A6}.Release|Any CPU.Build.0 = Release|Any CPU
	EndGlobalSection
	GlobalSection(SolutionProperties) = preSolution
		HideSolutionNode = FALSE
	EndGlobalSection
	GlobalSection(ExtensibilityGlobals) = postSolution
		SolutionGuid = {D1F6AD46-24EA-4B4B-AF90-05D2AB1FB98D}
	EndGlobalSection
EndGlobal
